
Microsoft Visual Studio Solution File, Format Version 12.00
# Visual Studio Version 16
VisualStudioVersion = 16.0.808.0
MinimumVisualStudioVersion = 10.0.40219.1
Project("{9A19103F-16F7-4668-BE54-9A1E7A4F7556}") = "Marcelena_web", "Marcelena_web\Marcelena_web.csproj", "{4C0E2036-9C6D-4B7B-A830-920FE5F18850}"
EndProject
Global
	GlobalSection(SolutionConfigurationPlatforms) = preSolution
		Debug|Any CPU = Debug|Any CPU
		Release|Any CPU = Release|Any CPU
	EndGlobalSection
	GlobalSection(ProjectConfigurationPlatforms) = postSolution
		{4C0E2036-9C6D-4B7B-A830-920FE5F18850}.Debug|Any CPU.ActiveCfg = Debug|Any CPU
		{4C0E2036-9C6D-4B7B-A830-920FE5F18850}.Debug|Any CPU.Build.0 = Debug|Any CPU
		{4C0E2036-9C6D-4B7B-A830-920FE5F18850}.Release|Any CPU.ActiveCfg = Release|Any CPU
		{4C0E2036-9C6D-4B7B-A830-920FE5F18850}.Release|Any CPU.Build.0 = Release|Any CPU
	EndGlobalSection
	GlobalSection(SolutionProperties) = preSolution
		HideSolutionNode = FALSE
	EndGlobalSection
	GlobalSection(ExtensibilityGlobals) = postSolution
		SolutionGuid = {D9DBAEC3-0D2C-49B6-BDC1-69FB95902436}
	EndGlobalSection
EndGlobal
